{
  "name": "house-rental",
  "lockfileVersion": 3,
  "requires": true,
  "packages": {
    "": {
      "dependencies": {
        "laravel-echo": "^2.0.2",
        "pusher-js": "^8.4.0"
      }
    },
    "node_modules/laravel-echo": {
      "version": "2.0.2",
      "resolved": "https://registry.npmjs.org/laravel-echo/-/laravel-echo-2.0.2.tgz",
      "integrity": "sha512-Ciai6hA7r35MFqNRb8G034cvm9WiveSTFQQKRGJhWtZGbng7C8BBa5QvqDxk/Mw5GeJ+q19jrEwQhf7r1b1lcg==",
      "license": "MIT",
      "engines": {
        "node": ">=20"
      }
    },
    "node_modules/pusher-js": {
      "version": "8.4.0",
      "resolved": "https://registry.npmjs.org/pusher-js/-/pusher-js-8.4.0.tgz",
      "integrity": "sha512-wp3HqIIUc1GRyu1XrP6m2dgyE9MoCsXVsWNlohj0rjSkLf+a0jLvEyVubdg58oMk7bhjBWnFClgp8jfAa6Ak4Q==",
      "license": "MIT",
      "dependencies": {
        "tweetnacl": "^1.0.3"
      }
    },
    "node_modules/tweetnacl": {
      "version": "1.0.3",
      "resolved": "https://registry.npmjs.org/tweetnacl/-/tweetnacl-1.0.3.tgz",
      "integrity": "sha512-6rt+RN7aOi1nGMyC4Xa5DdYiukl2UWCbcJft7YhxReBGQD7OAM8Pbxw6YMo4r2diNEA8FEmu32YOn9rhaiE5yw==",
      "license": "Unlicense"
    }
  }
}
